
Microsoft Visual Studio Solution File, Format Version 12.00
Project("{FAE04EC0-301F-11D3-BF4B-00C04F79EFBC}") = "Lingua", "src\Lingua\Lingua.csproj", "{835F7E5D-80DB-40FC-9240-DE251FAE63DC}"
EndProject
Project("{FAE04EC0-301F-11D3-BF4B-00C04F79EFBC}") = "Lingua.UnicodeScriptGenerator", "build\Lingua.UnicodeScriptGenerator\Lingua.UnicodeScriptGenerator.csproj", "{77954C87-8D00-40FA-9617-DFAF3499DE9C}"
EndProject
Project("{FAE04EC0-301F-11D3-BF4B-00C04F79EFBC}") = "Lingua.Tests", "tests\Lingua.Tests\Lingua.Tests.csproj", "{120D07F4-AAF1-4D00-BF86-48836F819C1F}"
EndProject
Project("{2150E333-8FDC-42A3-9474-1A3956D46DE8}") = "Solution Root", "Solution Root", "{C4287977-4407-47E3-A452-57DB92BC5432}"
	ProjectSection(SolutionItems) = preProject
		.editorconfig = .editorconfig
		.gitattributes = .gitattributes
		.gitignore = .gitignore
		global.json = global.json
		README.md = README.md
		Directory.Build.props = Directory.Build.props
		dotnet-tools.json = dotnet-tools.json
		build.bat = build.bat
		build.sh = build.sh
	EndProjectSection
EndProject
Project("{FAE04EC0-301F-11D3-BF4B-00C04F79EFBC}") = "Build", "build\Build\Build.csproj", "{E8C232A5-D100-47D5-A8CA-8E8927E52CD8}"
EndProject
Project("{FAE04EC0-301F-11D3-BF4B-00C04F79EFBC}") = "Lingua.AccuracyReport.Tests", "tests\Lingua.AccuracyReport.Tests\Lingua.AccuracyReport.Tests.csproj", "{5D43F878-754F-4AA4-B2E1-D833163240AE}"
EndProject
Project("{FAE04EC0-301F-11D3-BF4B-00C04F79EFBC}") = "Lingua.IO", "build\Lingua.IO\Lingua.IO.csproj", "{0621700A-BB0D-4A24-95FB-28FF37F4D1D9}"
EndProject
Project("{2150E333-8FDC-42A3-9474-1A3956D46DE8}") = "src", "src", "{79ABD769-B649-43AF-8EDB-4663C6A3CFE7}"
EndProject
Project("{2150E333-8FDC-42A3-9474-1A3956D46DE8}") = "build", "build", "{456E3B5A-9369-47BF-9475-35291F4BC2AD}"
EndProject
Project("{2150E333-8FDC-42A3-9474-1A3956D46DE8}") = "tests", "tests", "{E1B88B6E-C9A6-41FF-8448-20626D3E9FDB}"
EndProject
Project("{FAE04EC0-301F-11D3-BF4B-00C04F79EFBC}") = "Lingua.Benchmarks", "tests\Lingua.Benchmarks\Lingua.Benchmarks.csproj", "{FAC71034-E370-4B31-BDF3-8D7BDD70075C}"
EndProject
Global
	GlobalSection(SolutionConfigurationPlatforms) = preSolution
		Debug|Any CPU = Debug|Any CPU
		Release|Any CPU = Release|Any CPU
	EndGlobalSection
	GlobalSection(ProjectConfigurationPlatforms) = postSolution
		{835F7E5D-80DB-40FC-9240-DE251FAE63DC}.Debug|Any CPU.ActiveCfg = Debug|Any CPU
		{835F7E5D-80DB-40FC-9240-DE251FAE63DC}.Debug|Any CPU.Build.0 = Debug|Any CPU
		{835F7E5D-80DB-40FC-9240-DE251FAE63DC}.Release|Any CPU.ActiveCfg = Release|Any CPU
		{835F7E5D-80DB-40FC-9240-DE251FAE63DC}.Release|Any CPU.Build.0 = Release|Any CPU
		{77954C87-8D00-40FA-9617-DFAF3499DE9C}.Debug|Any CPU.ActiveCfg = Debug|Any CPU
		{77954C87-8D00-40FA-9617-DFAF3499DE9C}.Debug|Any CPU.Build.0 = Debug|Any CPU
		{77954C87-8D00-40FA-9617-DFAF3499DE9C}.Release|Any CPU.ActiveCfg = Release|Any CPU
		{77954C87-8D00-40FA-9617-DFAF3499DE9C}.Release|Any CPU.Build.0 = Release|Any CPU
		{120D07F4-AAF1-4D00-BF86-48836F819C1F}.Debug|Any CPU.ActiveCfg = Debug|Any CPU
		{120D07F4-AAF1-4D00-BF86-48836F819C1F}.Debug|Any CPU.Build.0 = Debug|Any CPU
		{120D07F4-AAF1-4D00-BF86-48836F819C1F}.Release|Any CPU.ActiveCfg = Release|Any CPU
		{120D07F4-AAF1-4D00-BF86-48836F819C1F}.Release|Any CPU.Build.0 = Release|Any CPU
		{E8C232A5-D100-47D5-A8CA-8E8927E52CD8}.Debug|Any CPU.ActiveCfg = Debug|Any CPU
		{E8C232A5-D100-47D5-A8CA-8E8927E52CD8}.Debug|Any CPU.Build.0 = Debug|Any CPU
		{E8C232A5-D100-47D5-A8CA-8E8927E52CD8}.Release|Any CPU.ActiveCfg = Release|Any CPU
		{E8C232A5-D100-47D5-A8CA-8E8927E52CD8}.Release|Any CPU.Build.0 = Release|Any CPU
		{5D43F878-754F-4AA4-B2E1-D833163240AE}.Debug|Any CPU.ActiveCfg = Debug|Any CPU
		{5D43F878-754F-4AA4-B2E1-D833163240AE}.Debug|Any CPU.Build.0 = Debug|Any CPU
		{5D43F878-754F-4AA4-B2E1-D833163240AE}.Release|Any CPU.ActiveCfg = Release|Any CPU
		{5D43F878-754F-4AA4-B2E1-D833163240AE}.Release|Any CPU.Build.0 = Release|Any CPU
		{0621700A-BB0D-4A24-95FB-28FF37F4D1D9}.Debug|Any CPU.ActiveCfg = Debug|Any CPU
		{0621700A-BB0D-4A24-95FB-28FF37F4D1D9}.Debug|Any CPU.Build.0 = Debug|Any CPU
		{0621700A-BB0D-4A24-95FB-28FF37F4D1D9}.Release|Any CPU.ActiveCfg = Release|Any CPU
		{0621700A-BB0D-4A24-95FB-28FF37F4D1D9}.Release|Any CPU.Build.0 = Release|Any CPU
		{FAC71034-E370-4B31-BDF3-8D7BDD70075C}.Debug|Any CPU.ActiveCfg = Debug|Any CPU
		{FAC71034-E370-4B31-BDF3-8D7BDD70075C}.Debug|Any CPU.Build.0 = Debug|Any CPU
		{FAC71034-E370-4B31-BDF3-8D7BDD70075C}.Release|Any CPU.ActiveCfg = Release|Any CPU
		{FAC71034-E370-4B31-BDF3-8D7BDD70075C}.Release|Any CPU.Build.0 = Release|Any CPU
	EndGlobalSection
	GlobalSection(NestedProjects) = preSolution
		{835F7E5D-80DB-40FC-9240-DE251FAE63DC} = {79ABD769-B649-43AF-8EDB-4663C6A3CFE7}
		{E8C232A5-D100-47D5-A8CA-8E8927E52CD8} = {456E3B5A-9369-47BF-9475-35291F4BC2AD}
		{0621700A-BB0D-4A24-95FB-28FF37F4D1D9} = {456E3B5A-9369-47BF-9475-35291F4BC2AD}
		{5D43F878-754F-4AA4-B2E1-D833163240AE} = {E1B88B6E-C9A6-41FF-8448-20626D3E9FDB}
		{120D07F4-AAF1-4D00-BF86-48836F819C1F} = {E1B88B6E-C9A6-41FF-8448-20626D3E9FDB}
		{77954C87-8D00-40FA-9617-DFAF3499DE9C} = {456E3B5A-9369-47BF-9475-35291F4BC2AD}
		{FAC71034-E370-4B31-BDF3-8D7BDD70075C} = {E1B88B6E-C9A6-41FF-8448-20626D3E9FDB}
	EndGlobalSection
EndGlobal
